// !$*UTF8*$!
{
	archiveVersion = 1;
	classes = {
	};
	objectVersion = 56;
	objects = {

/* Begin PBXBuildFile section */
		67019CE629733BC4001720AD /* HomeViewController.swift in Sources */ = {isa = PBXBuildFile; fileRef = 67019CE529733BC4001720AD /* HomeViewController.swift */; };
		67019CEA29733C06001720AD /* FavoriteViewController.swift in Sources */ = {isa = PBXBuildFile; fileRef = 67019CE929733C06001720AD /* FavoriteViewController.swift */; };
		67E0CE1D297337AF00205C81 /* AppDelegate.swift in Sources */ = {isa = PBXBuildFile; fileRef = 67E0CE1C297337AF00205C81 /* AppDelegate.swift */; };
		67E0CE1F297337AF00205C81 /* SceneDelegate.swift in Sources */ = {isa = PBXBuildFile; fileRef = 67E0CE1E297337AF00205C81 /* SceneDelegate.swift */; };
		67E0CE21297337AF00205C81 /* MainTabBarViewController.swift in Sources */ = {isa = PBXBuildFile; fileRef = 67E0CE20297337AF00205C81 /* MainTabBarViewController.swift */; };
		67E0CE27297337AF00205C81 /* VideoGamesStore.xcdatamodeld in Sources */ = {isa = PBXBuildFile; fileRef = 67E0CE25297337AF00205C81 /* VideoGamesStore.xcdatamodeld */; };
		67E0CE29297337B000205C81 /* Assets.xcassets in Resources */ = {isa = PBXBuildFile; fileRef = 67E0CE28297337B000205C81 /* Assets.xcassets */; };
		67E0CE2C297337B000205C81 /* LaunchScreen.storyboard in Resources */ = {isa = PBXBuildFile; fileRef = 67E0CE2A297337B000205C81 /* LaunchScreen.storyboard */; };
/* End PBXBuildFile section */

/* Begin PBXFileReference section */
		67019CE529733BC4001720AD /* HomeViewController.swift */ = {isa = PBXFileReference; lastKnownFileType = sourcecode.swift; path = HomeViewController.swift; sourceTree = "<group>"; };
		67019CE929733C06001720AD /* FavoriteViewController.swift */ = {isa = PBXFileReference; lastKnownFileType = sourcecode.swift; path = FavoriteViewController.swift; sourceTree = "<group>"; };
		67E0CE19297337AF00205C81 /* VideoGamesStore.app */ = {isa = PBXFileReference; explicitFileType = wrapper.application; includeInIndex = 0; path = VideoGamesStore.app; sourceTree = BUILT_PRODUCTS_DIR; };
		67E0CE1C297337AF00205C81 /* AppDelegate.swift */ = {isa = PBXFileReference; lastKnownFileType = sourcecode.swift; path = AppDelegate.swift; sourceTree = "<group>"; };
		67E0CE1E297337AF00205C81 /* SceneDelegate.swift */ = {isa = PBXFileReference; lastKnownFileType = sourcecode.swift; path = SceneDelegate.swift; sourceTree = "<group>"; };
		67E0CE20297337AF00205C81 /* MainTabBarViewController.swift */ = {isa = PBXFileReference; lastKnownFileType = sourcecode.swift; path = MainTabBarViewController.swift; sourceTree = "<group>"; };
		67E0CE26297337AF00205C81 /* VideoGamesStore.xcdatamodel */ = {isa = PBXFileReference; lastKnownFileType = wrapper.xcdatamodel; path = VideoGamesStore.xcdatamodel; sourceTree = "<group>"; };
		67E0CE28297337B000205C81 /* Assets.xcassets */ = {isa = PBXFileReference; lastKnownFileType = folder.assetcatalog; path = Assets.xcassets; sourceTree = "<group>"; };
		67E0CE2B297337B000205C81 /* Base */ = {isa = PBXFileReference; lastKnownFileType = file.storyboard; name = Base; path = Base.lproj/LaunchScreen.storyboard; sourceTree = "<group>"; };
		67E0CE2D297337B000205C81 /* Info.plist */ = {isa = PBXFileReference; lastKnownFileType = text.plist.xml; path = Info.plist; sourceTree = "<group>"; };
/* End PBXFileReference section */

/* Begin PBXFrameworksBuildPhase section */
		67E0CE16297337AF00205C81 /* Frameworks */ = {
			isa = PBXFrameworksBuildPhase;
			buildActionMask = 2147483647;
			files = (
			);
			runOnlyForDeploymentPostprocessing = 0;
		};
/* End PBXFrameworksBuildPhase section */

/* Begin PBXGroup section */
		67019CE429733B9E001720AD /* Modules */ = {
			isa = PBXGroup;
			children = (
				67E0CE20297337AF00205C81 /* MainTabBarViewController.swift */,
				67019CE729733BCC001720AD /* Home */,
				67019CE829733BED001720AD /* Favorite */,
			);
			path = Modules;
			sourceTree = "<group>";
		};
		67019CE729733BCC001720AD /* Home */ = {
			isa = PBXGroup;
			children = (
				67019CE529733BC4001720AD /* HomeViewController.swift */,
			);
			path = Home;
			sourceTree = "<group>";
		};
		67019CE829733BED001720AD /* Favorite */ = {
			isa = PBXGroup;
			children = (
				67019CE929733C06001720AD /* FavoriteViewController.swift */,
			);
			path = Favorite;
			sourceTree = "<group>";
		};
		67E0CE10297337AF00205C81 = {
			isa = PBXGroup;
			children = (
				67E0CE1B297337AF00205C81 /* VideoGamesStore */,
				67E0CE1A297337AF00205C81 /* Products */,
			);
			sourceTree = "<group>";
		};
		67E0CE1A297337AF00205C81 /* Products */ = {
			isa = PBXGroup;
			children = (
				67E0CE19297337AF00205C81 /* VideoGamesStore.app */,
			);
			name = Products;
			sourceTree = "<group>";
		};
		67E0CE1B297337AF00205C81 /* VideoGamesStore */ = {
			isa = PBXGroup;
			children = (
				67019CE429733B9E001720AD /* Modules */,
				67E0CE1C297337AF00205C81 /* AppDelegate.swift */,
				67E0CE1E297337AF00205C81 /* SceneDelegate.swift */,
				67E0CE28297337B000205C81 /* Assets.xcassets */,
				67E0CE2A297337B000205C81 /* LaunchScreen.storyboard */,
				67E0CE2D297337B000205C81 /* Info.plist */,
				67E0CE25297337AF00205C81 /* VideoGamesStore.xcdatamodeld */,
			);
			path = VideoGamesStore;
			sourceTree = "<group>";
		};
/* End PBXGroup section */

/* Begin PBXNativeTarget section */
		67E0CE18297337AF00205C81 /* VideoGamesStore */ = {
			isa = PBXNativeTarget;
			buildConfigurationList = 67E0CE30297337B000205C81 /* Build configuration list for PBXNativeTarget "VideoGamesStore" */;
			buildPhases = (
				67E0CE15297337AF00205C81 /* Sources */,
				67E0CE16297337AF00205C81 /* Frameworks */,
				67E0CE17297337AF00205C81 /* Resources */,
			);
			buildRules = (
			);
			dependencies = (
			);
			name = VideoGamesStore;
			productName = VideoGamesStore;
			productReference = 67E0CE19297337AF00205C81 /* VideoGamesStore.app */;
			productType = "com.apple.product-type.application";
		};
/* End PBXNativeTarget section */

/* Begin PBXProject section */
		67E0CE11297337AF00205C81 /* Project object */ = {
			isa = PBXProject;
			attributes = {
				BuildIndependentTargetsInParallel = 1;
				LastSwiftUpdateCheck = 1420;
				LastUpgradeCheck = 1420;
				TargetAttributes = {
					67E0CE18297337AF00205C81 = {
						CreatedOnToolsVersion = 14.2;
					};
				};
			};
			buildConfigurationList = 67E0CE14297337AF00205C81 /* Build configuration list for PBXProject "VideoGamesStore" */;
			compatibilityVersion = "Xcode 14.0";
			developmentRegion = en;
			hasScannedForEncodings = 0;
			knownRegions = (
				en,
				Base,
			);
			mainGroup = 67E0CE10297337AF00205C81;
			productRefGroup = 67E0CE1A297337AF00205C81 /* Products */;
			projectDirPath = "";
			projectRoot = "";
			targets = (
				67E0CE18297337AF00205C81 /* VideoGamesStore */,
			);
		};
/* End PBXProject section */

/* Begin PBXResourcesBuildPhase section */
		67E0CE17297337AF00205C81 /* Resources */ = {
			isa = PBXResourcesBuildPhase;
			buildActionMask = 2147483647;
			files = (
				67E0CE2C297337B000205C81 /* LaunchScreen.storyboard in Resources */,
				67E0CE29297337B000205C81 /* Assets.xcassets in Resources */,
			);
			runOnlyForDeploymentPostprocessing = 0;
		};
/* End PBXResourcesBuildPhase section */

/* Begin PBXSourcesBuildPhase section */
		67E0CE15297337AF00205C81 /* Sources */ = {
			isa = PBXSourcesBuildPhase;
			buildActionMask = 2147483647;
			files = (
				67019CE629733BC4001720AD /* HomeViewController.swift in Sources */,
				67E0CE21297337AF00205C81 /* MainTabBarViewController.swift in Sources */,
				67E0CE27297337AF00205C81 /* VideoGamesStore.xcdatamodeld in Sources */,
				67E0CE1D297337AF00205C81 /* AppDelegate.swift in Sources */,
				67019CEA29733C06001720AD /* FavoriteViewController.swift in Sources */,
				67E0CE1F297337AF00205C81 /* SceneDelegate.swift in Sources */,
			);
			runOnlyForDeploymentPostprocessing = 0;
		};
/* End PBXSourcesBuildPhase section */

/* Begin PBXVariantGroup section */
		67E0CE2A297337B000205C81 /* LaunchScreen.storyboard */ = {
			isa = PBXVariantGroup;
			children = (
				67E0CE2B297337B000205C81 /* Base */,
			);
			name = LaunchScreen.storyboard;
			sourceTree = "<group>";
		};
/* End PBXVariantGroup section */

/* Begin XCBuildConfiguration section */
		67E0CE2E297337B000205C81 /* Debug */ = {
			isa = XCBuildConfiguration;
			buildSettings = {
				ALWAYS_SEARCH_USER_PATHS = NO;
				CLANG_ANALYZER_NONNULL = YES;
				CLANG_ANALYZER_NUMBER_OBJECT_CONVERSION = YES_AGGRESSIVE;
				CLANG_CXX_LANGUAGE_STANDARD = "gnu++20";
				CLANG_ENABLE_MODULES = YES;
				CLANG_ENABLE_OBJC_ARC = YES;
				CLANG_ENABLE_OBJC_WEAK = YES;
				CLANG_WARN_BLOCK_CAPTURE_AUTORELEASING = YES;
				CLANG_WARN_BOOL_CONVERSION = YES;
				CLANG_WARN_COMMA = YES;
				CLANG_WARN_CONSTANT_CONVERSION = YES;
				CLANG_WARN_DEPRECATED_OBJC_IMPLEMENTATIONS = YES;
				CLANG_WARN_DIRECT_OBJC_ISA_USAGE = YES_ERROR;
				CLANG_WARN_DOCUMENTATION_COMMENTS = YES;
				CLANG_WARN_EMPTY_BODY = YES;
				CLANG_WARN_ENUM_CONVERSION = YES;
				CLANG_WARN_INFINITE_RECURSION = YES;
				CLANG_WARN_INT_CONVERSION = YES;
				CLANG_WARN_NON_LITERAL_NULL_CONVERSION = YES;
				CLANG_WARN_OBJC_IMPLICIT_RETAIN_SELF = YES;
				CLANG_WARN_OBJC_LITERAL_CONVERSION = YES;
				CLANG_WARN_OBJC_ROOT_CLASS = YES_ERROR;
				CLANG_WARN_QUOTED_INCLUDE_IN_FRAMEWORK_HEADER = YES;
				CLANG_WARN_RANGE_LOOP_ANALYSIS = YES;
				CLANG_WARN_STRICT_PROTOTYPES = YES;
				CLANG_WARN_SUSPICIOUS_MOVE = YES;
				CLANG_WARN_UNGUARDED_AVAILABILITY = YES_AGGRESSIVE;
				CLANG_WARN_UNREACHABLE_CODE = YES;
				CLANG_WARN__DUPLICATE_METHOD_MATCH = YES;
				COPY_PHASE_STRIP = NO;
				DEBUG_INFORMATION_FORMAT = dwarf;
				ENABLE_STRICT_OBJC_MSGSEND = YES;
				ENABLE_TESTABILITY = YES;
				GCC_C_LANGUAGE_STANDARD = gnu11;
				GCC_DYNAMIC_NO_PIC = NO;
				GCC_NO_COMMON_BLOCKS = YES;
				GCC_OPTIMIZATION_LEVEL = 0;
				GCC_PREPROCESSOR_DEFINITIONS = (
					"DEBUG=1",
					"$(inherited)",
				);
				GCC_WARN_64_TO_32_BIT_CONVERSION = YES;
				GCC_WARN_ABOUT_RETURN_TYPE = YES_ERROR;
				GCC_WARN_UNDECLARED_SELECTOR = YES;
				GCC_WARN_UNINITIALIZED_AUTOS = YES_AGGRESSIVE;
				GCC_WARN_UNUSED_FUNCTION = YES;
				GCC_WARN_UNUSED_VARIABLE = YES;
				IPHONEOS_DEPLOYMENT_TARGET = 16.2;
				MTL_ENABLE_DEBUG_INFO = INCLUDE_SOURCE;
				MTL_FAST_MATH = YES;
				ONLY_ACTIVE_ARCH = YES;
				SDKROOT = iphoneos;
				SWIFT_ACTIVE_COMPILATION_CONDITIONS = DEBUG;
				SWIFT_OPTIMIZATION_LEVEL = "-Onone";
			};
			name = Debug;
		};
		67E0CE2F297337B000205C81 /* Release */ = {
			isa = XCBuildConfiguration;
			buildSettings = {
				ALWAYS_SEARCH_USER_PATHS = NO;
				CLANG_ANALYZER_NONNULL = YES;
				CLANG_ANALYZER_NUMBER_OBJECT_CONVERSION = YES_AGGRESSIVE;
				CLANG_CXX_LANGUAGE_STANDARD = "gnu++20";
				CLANG_ENABLE_MODULES = YES;
				CLANG_ENABLE_OBJC_ARC = YES;
				CLANG_ENABLE_OBJC_WEAK = YES;
				CLANG_WARN_BLOCK_CAPTURE_AUTORELEASING = YES;
				CLANG_WARN_BOOL_CONVERSION = YES;
				CLANG_WARN_COMMA = YES;
				CLANG_WARN_CONSTANT_CONVERSION = YES;
				CLANG_WARN_DEPRECATED_OBJC_IMPLEMENTATIONS = YES;
				CLANG_WARN_DIRECT_OBJC_ISA_USAGE = YES_ERROR;
				CLANG_WARN_DOCUMENTATION_COMMENTS = YES;
				CLANG_WARN_EMPTY_BODY = YES;
				CLANG_WARN_ENUM_CONVERSION = YES;
				CLANG_WARN_INFINITE_RECURSION = YES;
				CLANG_WARN_INT_CONVERSION = YES;
				CLANG_WARN_NON_LITERAL_NULL_CONVERSION = YES;
				CLANG_WARN_OBJC_IMPLICIT_RETAIN_SELF = YES;
				CLANG_WARN_OBJC_LITERAL_CONVERSION = YES;
				CLANG_WARN_OBJC_ROOT_CLASS = YES_ERROR;
				CLANG_WARN_QUOTED_INCLUDE_IN_FRAMEWORK_HEADER = YES;
				CLANG_WARN_RANGE_LOOP_ANALYSIS = YES;
				CLANG_WARN_STRICT_PROTOTYPES = YES;
				CLANG_WARN_SUSPICIOUS_MOVE = YES;
				CLANG_WARN_UNGUARDED_AVAILABILITY = YES_AGGRESSIVE;
				CLANG_WARN_UNREACHABLE_CODE = YES;
				CLANG_WARN__DUPLICATE_METHOD_MATCH = YES;
				COPY_PHASE_STRIP = NO;
				DEBUG_INFORMATION_FORMAT = "dwarf-with-dsym";
				ENABLE_NS_ASSERTIONS = NO;
				ENABLE_STRICT_OBJC_MSGSEND = YES;
				GCC_C_LANGUAGE_STANDARD = gnu11;
				GCC_NO_COMMON_BLOCKS = YES;
				GCC_WARN_64_TO_32_BIT_CONVERSION = YES;
				GCC_WARN_ABOUT_RETURN_TYPE = YES_ERROR;
				GCC_WARN_UNDECLARED_SELECTOR = YES;
				GCC_WARN_UNINITIALIZED_AUTOS = YES_AGGRESSIVE;
				GCC_WARN_UNUSED_FUNCTION = YES;
				GCC_WARN_UNUSED_VARIABLE = YES;
				IPHONEOS_DEPLOYMENT_TARGET = 16.2;
				MTL_ENABLE_DEBUG_INFO = NO;
				MTL_FAST_MATH = YES;
				SDKROOT = iphoneos;
				SWIFT_COMPILATION_MODE = wholemodule;
				SWIFT_OPTIMIZATION_LEVEL = "-O";
				VALIDATE_PRODUCT = YES;
			};
			name = Release;
		};
		67E0CE31297337B000205C81 /* Debug */ = {
			isa = XCBuildConfiguration;
			buildSettings = {
				ASSETCATALOG_COMPILER_APPICON_NAME = AppIcon;
				ASSETCATALOG_COMPILER_GLOBAL_ACCENT_COLOR_NAME = AccentColor;
				CODE_SIGN_STYLE = Automatic;
				CURRENT_PROJECT_VERSION = 1;
				DEVELOPMENT_TEAM = GUTYHSBZLQ;
				GENERATE_INFOPLIST_FILE = YES;
				INFOPLIST_FILE = VideoGamesStore/Info.plist;
				INFOPLIST_KEY_UIApplicationSupportsIndirectInputEvents = YES;
				INFOPLIST_KEY_UILaunchStoryboardName = LaunchScreen;
				INFOPLIST_KEY_UISupportedInterfaceOrientations_iPad = "UIInterfaceOrientationPortrait UIInterfaceOrientationPortraitUpsideDown UIInterfaceOrientationLandscapeLeft UIInterfaceOrientationLandscapeRight";
				INFOPLIST_KEY_UISupportedInterfaceOrientations_iPhone = "UIInterfaceOrientationPortrait UIInterfaceOrientationLandscapeLeft UIInterfaceOrientationLandscapeRight";
				LD_RUNPATH_SEARCH_PATHS = (
					"$(inherited)",
					"@executable_path/Frameworks",
				);
				MARKETING_VERSION = 1.0;
				PRODUCT_BUNDLE_IDENTIFIER = com.burakaydin.videogamesstore.VideoGamesStore;
				PRODUCT_NAME = "$(TARGET_NAME)";
				SWIFT_EMIT_LOC_STRINGS = YES;
				SWIFT_VERSION = 5.0;
				TARGETED_DEVICE_FAMILY = "1,2";
			};
			name = Debug;
		};
		67E0CE32297337B000205C81 /* Release */ = {
			isa = XCBuildConfiguration;
			buildSettings = {
				ASSETCATALOG_COMPILER_APPICON_NAME = AppIcon;
				ASSETCATALOG_COMPILER_GLOBAL_ACCENT_COLOR_NAME = AccentColor;
				CODE_SIGN_STYLE = Automatic;
				CURRENT_PROJECT_VERSION = 1;
				DEVELOPMENT_TEAM = GUTYHSBZLQ;
				GENERATE_INFOPLIST_FILE = YES;
				INFOPLIST_FILE = VideoGamesStore/Info.plist;
				INFOPLIST_KEY_UIApplicationSupportsIndirectInputEvents = YES;
				INFOPLIST_KEY_UILaunchStoryboardName = LaunchScreen;
				INFOPLIST_KEY_UISupportedInterfaceOrientations_iPad = "UIInterfaceOrientationPortrait UIInterfaceOrientationPortraitUpsideDown UIInterfaceOrientationLandscapeLeft UIInterfaceOrientationLandscapeRight";
				INFOPLIST_KEY_UISupportedInterfaceOrientations_iPhone = "UIInterfaceOrientationPortrait UIInterfaceOrientationLandscapeLeft UIInterfaceOrientationLandscapeRight";
				LD_RUNPATH_SEARCH_PATHS = (
					"$(inherited)",
					"@executable_path/Frameworks",
				);
				MARKETING_VERSION = 1.0;
				PRODUCT_BUNDLE_IDENTIFIER = com.burakaydin.videogamesstore.VideoGamesStore;
				PRODUCT_NAME = "$(TARGET_NAME)";
				SWIFT_EMIT_LOC_STRINGS = YES;
				SWIFT_VERSION = 5.0;
				TARGETED_DEVICE_FAMILY = "1,2";
			};
			name = Release;
		};
/* End XCBuildConfiguration section */

/* Begin XCConfigurationList section */
		67E0CE14297337AF00205C81 /* Build configuration list for PBXProject "VideoGamesStore" */ = {
			isa = XCConfigurationList;
			buildConfigurations = (
				67E0CE2E297337B000205C81 /* Debug */,
				67E0CE2F297337B000205C81 /* Release */,
			);
			defaultConfigurationIsVisible = 0;
			defaultConfigurationName = Release;
		};
		67E0CE30297337B000205C81 /* Build configuration list for PBXNativeTarget "VideoGamesStore" */ = {
			isa = XCConfigurationList;
			buildConfigurations = (
				67E0CE31297337B000205C81 /* Debug */,
				67E0CE32297337B000205C81 /* Release */,
			);
			defaultConfigurationIsVisible = 0;
			defaultConfigurationName = Release;
		};
/* End XCConfigurationList section */

/* Begin XCVersionGroup section */
		67E0CE25297337AF00205C81 /* VideoGamesStore.xcdatamodeld */ = {
			isa = XCVersionGroup;
			children = (
				67E0CE26297337AF00205C81 /* VideoGamesStore.xcdatamodel */,
			);
			currentVersion = 67E0CE26297337AF00205C81 /* VideoGamesStore.xcdatamodel */;
			path = VideoGamesStore.xcdatamodeld;
			sourceTree = "<group>";
			versionGroupType = wrapper.xcdatamodel;
		};
/* End XCVersionGroup section */
	};
	rootObject = 67E0CE11297337AF00205C81 /* Project object */;
}
